
Microsoft Visual Studio Solution File, Format Version 12.00
# Visual Studio Version 17
VisualStudioVersion = 17.13.35806.99
MinimumVisualStudioVersion = 10.0.40219.1
Project("{FAE04EC0-301F-11D3-BF4B-00C04F79EFBC}") = "BusinessLayer", "BusinessLayer\BusinessLayer.csproj", "{22DDBB16-350F-473B-8869-3CA49673FE94}"
EndProject
Project("{FAE04EC0-301F-11D3-BF4B-00C04F79EFBC}") = "ConsoleAppUI", "ConsoleApp1\ConsoleAppUI.csproj", "{57187C8F-F86C-4969-A8F6-606458AEEE26}"
EndProject
Project("{FAE04EC0-301F-11D3-BF4B-00C04F79EFBC}") = "Domain", "Domain\Domain.csproj", "{BC0A513B-746B-45C8-8C49-E5867EDD5905}"
EndProject
Project("{FAE04EC0-301F-11D3-BF4B-00C04F79EFBC}") = "DataAccess", "DataAccess\DataAccess.csproj", "{2426BAB2-A39F-4C8E-891F-AAC933290FF6}"
EndProject
Project("{FAE04EC0-301F-11D3-BF4B-00C04F79EFBC}") = "Core", "Core\Core.csproj", "{D86CC2FF-7849-43CE-9528-D3E9F59EBBC5}"
EndProject
Global
	GlobalSection(SolutionConfigurationPlatforms) = preSolution
		Debug|Any CPU = Debug|Any CPU
		Release|Any CPU = Release|Any CPU
	EndGlobalSection
	GlobalSection(ProjectConfigurationPlatforms) = postSolution
		{22DDBB16-350F-473B-8869-3CA49673FE94}.Debug|Any CPU.ActiveCfg = Debug|Any CPU
		{22DDBB16-350F-473B-8869-3CA49673FE94}.Debug|Any CPU.Build.0 = Debug|Any CPU
		{22DDBB16-350F-473B-8869-3CA49673FE94}.Release|Any CPU.ActiveCfg = Release|Any CPU
		{22DDBB16-350F-473B-8869-3CA49673FE94}.Release|Any CPU.Build.0 = Release|Any CPU
		{57187C8F-F86C-4969-A8F6-606458AEEE26}.Debug|Any CPU.ActiveCfg = Debug|Any CPU
		{57187C8F-F86C-4969-A8F6-606458AEEE26}.Debug|Any CPU.Build.0 = Debug|Any CPU
		{57187C8F-F86C-4969-A8F6-606458AEEE26}.Release|Any CPU.ActiveCfg = Release|Any CPU
		{57187C8F-F86C-4969-A8F6-606458AEEE26}.Release|Any CPU.Build.0 = Release|Any CPU
		{BC0A513B-746B-45C8-8C49-E5867EDD5905}.Debug|Any CPU.ActiveCfg = Debug|Any CPU
		{BC0A513B-746B-45C8-8C49-E5867EDD5905}.Debug|Any CPU.Build.0 = Debug|Any CPU
		{BC0A513B-746B-45C8-8C49-E5867EDD5905}.Release|Any CPU.ActiveCfg = Release|Any CPU
		{BC0A513B-746B-45C8-8C49-E5867EDD5905}.Release|Any CPU.Build.0 = Release|Any CPU
		{2426BAB2-A39F-4C8E-891F-AAC933290FF6}.Debug|Any CPU.ActiveCfg = Debug|Any CPU
		{2426BAB2-A39F-4C8E-891F-AAC933290FF6}.Debug|Any CPU.Build.0 = Debug|Any CPU
		{2426BAB2-A39F-4C8E-891F-AAC933290FF6}.Release|Any CPU.ActiveCfg = Release|Any CPU
		{2426BAB2-A39F-4C8E-891F-AAC933290FF6}.Release|Any CPU.Build.0 = Release|Any CPU
		{D86CC2FF-7849-43CE-9528-D3E9F59EBBC5}.Debug|Any CPU.ActiveCfg = Debug|Any CPU
		{D86CC2FF-7849-43CE-9528-D3E9F59EBBC5}.Debug|Any CPU.Build.0 = Debug|Any CPU
		{D86CC2FF-7849-43CE-9528-D3E9F59EBBC5}.Release|Any CPU.ActiveCfg = Release|Any CPU
		{D86CC2FF-7849-43CE-9528-D3E9F59EBBC5}.Release|Any CPU.Build.0 = Release|Any CPU
	EndGlobalSection
	GlobalSection(SolutionProperties) = preSolution
		HideSolutionNode = FALSE
	EndGlobalSection
	GlobalSection(ExtensibilityGlobals) = postSolution
		SolutionGuid = {14A86085-1587-45F8-BA5B-D9BAFFA1B9A6}
	EndGlobalSection
EndGlobal
